Microsoft Visual Studio Solution File, Format Version 12.00
# Visual Studio Version 17
VisualStudioVersion = 17.5.2.0
MinimumVisualStudioVersion = 10.0.40219.1
Project("{2150E333-8FDC-42A3-9474-1A3956D46DE8}") = "package-tools", "package-tools", "{86234021-4A8D-F838-7FEE-44141EF66832}"
EndProject
Project("{FAE04EC0-301F-11D3-BF4B-00C04F79EFBC}") = "ClinerRules", "package-tools\nuget-package\ClinerRules.csproj", "{66863CC7-E12B-934B-BD43-1D7B78562B6B}"
EndProject
Global
	GlobalSection(SolutionConfigurationPlatforms) = preSolution
		Debug|Any CPU = Debug|Any CPU
		Release|Any CPU = Release|Any CPU
	EndGlobalSection
	GlobalSection(ProjectConfigurationPlatforms) = postSolution
		{66863CC7-E12B-934B-BD43-1D7B78562B6B}.Debug|Any CPU.ActiveCfg = Debug|Any CPU
		{66863CC7-E12B-934B-BD43-1D7B78562B6B}.Debug|Any CPU.Build.0 = Debug|Any CPU
		{66863CC7-E12B-934B-BD43-1D7B78562B6B}.Release|Any CPU.ActiveCfg = Release|Any CPU
		{66863CC7-E12B-934B-BD43-1D7B78562B6B}.Release|Any CPU.Build.0 = Release|Any CPU
	EndGlobalSection
	GlobalSection(SolutionProperties) = preSolution
		HideSolutionNode = FALSE
	EndGlobalSection
	GlobalSection(NestedProjects) = preSolution
		{66863CC7-E12B-934B-BD43-1D7B78562B6B} = {86234021-4A8D-F838-7FEE-44141EF66832}
	EndGlobalSection
	GlobalSection(ExtensibilityGlobals) = postSolution
		SolutionGuid = {706764D7-EF3F-41B9-9DEF-3A8EF19E6D54}
	EndGlobalSection
EndGlobal
